
Microsoft Visual Studio Solution File, Format Version 12.00
# Visual Studio Version 16
VisualStudioVersion = 16.0.31702.278
MinimumVisualStudioVersion = 10.0.40219.1
Project("{FAE04EC0-301F-11D3-BF4B-00C04F79EFBC}") = "Address Book Uc4", "Address Book Uc4\Address Book Uc4.csproj", "{6640B061-A65D-4D56-877C-9F49EBB297A8}"
EndProject
Global
	GlobalSection(SolutionConfigurationPlatforms) = preSolution
		Debug|Any CPU = Debug|Any CPU
		Release|Any CPU = Release|Any CPU
	EndGlobalSection
	GlobalSection(ProjectConfigurationPlatforms) = postSolution
		{6640B061-A65D-4D56-877C-9F49EBB297A8}.Debug|Any CPU.ActiveCfg = Debug|Any CPU
		{6640B061-A65D-4D56-877C-9F49EBB297A8}.Debug|Any CPU.Build.0 = Debug|Any CPU
		{6640B061-A65D-4D56-877C-9F49EBB297A8}.Release|Any CPU.ActiveCfg = Release|Any CPU
		{6640B061-A65D-4D56-877C-9F49EBB297A8}.Release|Any CPU.Build.0 = Release|Any CPU
	EndGlobalSection
	GlobalSection(SolutionProperties) = preSolution
		HideSolutionNode = FALSE
	EndGlobalSection
	GlobalSection(ExtensibilityGlobals) = postSolution
		SolutionGuid = {A1C59F1C-F145-4A04-B920-BB4072D08725}
	EndGlobalSection
EndGlobal
