
Microsoft Visual Studio Solution File, Format Version 12.00
# Visual Studio Version 16
VisualStudioVersion = 16.0.31702.278
MinimumVisualStudioVersion = 10.0.40219.1
Project("{FAE04EC0-301F-11D3-BF4B-00C04F79EFBC}") = "Address Book Uc6", "Address Book Uc6\Address Book Uc6.csproj", "{4B375AAE-72CE-47D0-8958-286823751D5C}"
EndProject
Global
	GlobalSection(SolutionConfigurationPlatforms) = preSolution
		Debug|Any CPU = Debug|Any CPU
		Release|Any CPU = Release|Any CPU
	EndGlobalSection
	GlobalSection(ProjectConfigurationPlatforms) = postSolution
		{4B375AAE-72CE-47D0-8958-286823751D5C}.Debug|Any CPU.ActiveCfg = Debug|Any CPU
		{4B375AAE-72CE-47D0-8958-286823751D5C}.Debug|Any CPU.Build.0 = Debug|Any CPU
		{4B375AAE-72CE-47D0-8958-286823751D5C}.Release|Any CPU.ActiveCfg = Release|Any CPU
		{4B375AAE-72CE-47D0-8958-286823751D5C}.Release|Any CPU.Build.0 = Release|Any CPU
	EndGlobalSection
	GlobalSection(SolutionProperties) = preSolution
		HideSolutionNode = FALSE
	EndGlobalSection
	GlobalSection(ExtensibilityGlobals) = postSolution
		SolutionGuid = {FFB2BCBD-766D-4252-9367-2CBA0548AAFC}
	EndGlobalSection
EndGlobal
