
Microsoft Visual Studio Solution File, Format Version 12.00
# Visual Studio Version 16
VisualStudioVersion = 16.0.31829.152
MinimumVisualStudioVersion = 10.0.40219.1
Project("{FAE04EC0-301F-11D3-BF4B-00C04F79EFBC}") = "Uc12_SortBy_Entry_Address_Book", "Uc12_SortBy_Entry_Address_Book\Uc12_SortBy_Entry_Address_Book.csproj", "{36A6A161-BEC1-420A-9B1F-3A5DF5ABAC66}"
EndProject
Global
	GlobalSection(SolutionConfigurationPlatforms) = preSolution
		Debug|Any CPU = Debug|Any CPU
		Release|Any CPU = Release|Any CPU
	EndGlobalSection
	GlobalSection(ProjectConfigurationPlatforms) = postSolution
		{36A6A161-BEC1-420A-9B1F-3A5DF5ABAC66}.Debug|Any CPU.ActiveCfg = Debug|Any CPU
		{36A6A161-BEC1-420A-9B1F-3A5DF5ABAC66}.Debug|Any CPU.Build.0 = Debug|Any CPU
		{36A6A161-BEC1-420A-9B1F-3A5DF5ABAC66}.Release|Any CPU.ActiveCfg = Release|Any CPU
		{36A6A161-BEC1-420A-9B1F-3A5DF5ABAC66}.Release|Any CPU.Build.0 = Release|Any CPU
	EndGlobalSection
	GlobalSection(SolutionProperties) = preSolution
		HideSolutionNode = FALSE
	EndGlobalSection
	GlobalSection(ExtensibilityGlobals) = postSolution
		SolutionGuid = {DBADBEEC-5841-45A0-BE1D-1780110C0C93}
	EndGlobalSection
EndGlobal
