
Microsoft Visual Studio Solution File, Format Version 12.00
# Visual Studio Version 16
VisualStudioVersion = 16.0.31829.152
MinimumVisualStudioVersion = 10.0.40219.1
Project("{FAE04EC0-301F-11D3-BF4B-00C04F79EFBC}") = "Uc13_ReadWritefile_AddressBook", "Uc13_ReadWritefile_AddressBook\Uc13_ReadWritefile_AddressBook.csproj", "{94DBB034-B690-40C1-9836-292CC9B18E60}"
EndProject
Global
	GlobalSection(SolutionConfigurationPlatforms) = preSolution
		Debug|Any CPU = Debug|Any CPU
		Release|Any CPU = Release|Any CPU
	EndGlobalSection
	GlobalSection(ProjectConfigurationPlatforms) = postSolution
		{94DBB034-B690-40C1-9836-292CC9B18E60}.Debug|Any CPU.ActiveCfg = Debug|Any CPU
		{94DBB034-B690-40C1-9836-292CC9B18E60}.Debug|Any CPU.Build.0 = Debug|Any CPU
		{94DBB034-B690-40C1-9836-292CC9B18E60}.Release|Any CPU.ActiveCfg = Release|Any CPU
		{94DBB034-B690-40C1-9836-292CC9B18E60}.Release|Any CPU.Build.0 = Release|Any CPU
	EndGlobalSection
	GlobalSection(SolutionProperties) = preSolution
		HideSolutionNode = FALSE
	EndGlobalSection
	GlobalSection(ExtensibilityGlobals) = postSolution
		SolutionGuid = {73D5BEC4-D9F8-42C3-9A46-C3074CD4F6FD}
	EndGlobalSection
EndGlobal
