
Microsoft Visual Studio Solution File, Format Version 12.00
# Visual Studio Version 16
VisualStudioVersion = 16.0.31829.152
MinimumVisualStudioVersion = 10.0.40219.1
Project("{FAE04EC0-301F-11D3-BF4B-00C04F79EFBC}") = "Uc8_SearchPrsonDetailsAddressBook", "Uc8_SearchPrsonDetailsAddressBook\Uc8_SearchPrsonDetailsAddressBook.csproj", "{FE66F934-C12C-49F4-8FF1-2AE1E44AB8D4}"
EndProject
Global
	GlobalSection(SolutionConfigurationPlatforms) = preSolution
		Debug|Any CPU = Debug|Any CPU
		Release|Any CPU = Release|Any CPU
	EndGlobalSection
	GlobalSection(ProjectConfigurationPlatforms) = postSolution
		{FE66F934-C12C-49F4-8FF1-2AE1E44AB8D4}.Debug|Any CPU.ActiveCfg = Debug|Any CPU
		{FE66F934-C12C-49F4-8FF1-2AE1E44AB8D4}.Debug|Any CPU.Build.0 = Debug|Any CPU
		{FE66F934-C12C-49F4-8FF1-2AE1E44AB8D4}.Release|Any CPU.ActiveCfg = Release|Any CPU
		{FE66F934-C12C-49F4-8FF1-2AE1E44AB8D4}.Release|Any CPU.Build.0 = Release|Any CPU
	EndGlobalSection
	GlobalSection(SolutionProperties) = preSolution
		HideSolutionNode = FALSE
	EndGlobalSection
	GlobalSection(ExtensibilityGlobals) = postSolution
		SolutionGuid = {ABD791F9-95C9-49C9-BBF6-FFE3918B5F8B}
	EndGlobalSection
EndGlobal
